
Microsoft Visual Studio Solution File, Format Version 12.00
# Visual Studio Version 16
VisualStudioVersion = 16.0.33130.400
MinimumVisualStudioVersion = 10.0.40219.1
Project("{FAE04EC0-301F-11D3-BF4B-00C04F79EFBC}") = "Stack", "Stack.csproj", "{71ABBE6D-3911-4720-95E5-C4E65268706A}"
EndProject
Global
	GlobalSection(SolutionConfigurationPlatforms) = preSolution
		Debug|Any CPU = Debug|Any CPU
		Release|Any CPU = Release|Any CPU
	EndGlobalSection
	GlobalSection(ProjectConfigurationPlatforms) = postSolution
		{71ABBE6D-3911-4720-95E5-C4E65268706A}.Debug|Any CPU.ActiveCfg = Debug|Any CPU
		{71ABBE6D-3911-4720-95E5-C4E65268706A}.Debug|Any CPU.Build.0 = Debug|Any CPU
		{71ABBE6D-3911-4720-95E5-C4E65268706A}.Release|Any CPU.ActiveCfg = Release|Any CPU
		{71ABBE6D-3911-4720-95E5-C4E65268706A}.Release|Any CPU.Build.0 = Release|Any CPU
	EndGlobalSection
	GlobalSection(SolutionProperties) = preSolution
		HideSolutionNode = FALSE
	EndGlobalSection
	GlobalSection(ExtensibilityGlobals) = postSolution
		SolutionGuid = {950ABCD3-DA97-49E7-97D8-D963AF632531}
	EndGlobalSection
EndGlobal
